
Microsoft Visual Studio Solution File, Format Version 12.00
# Visual Studio Version 17
VisualStudioVersion = 17.3.32929.385
MinimumVisualStudioVersion = 10.0.40219.1
Project("{9A19103F-16F7-4668-BE54-9A1E7A4F7556}") = "WebApiCalls", "WebApiCalls\WebApiCalls.csproj", "{129D8E32-70F2-4AD1-93F1-8E7B91E3A5F7}"
EndProject
Project("{FAE04EC0-301F-11D3-BF4B-00C04F79EFBC}") = "WebApiCalls.Data", "WebApiCalls.Data\WebApiCalls.Data.csproj", "{DBFB1077-B1BF-4A8F-BB30-684BF71D130E}"
EndProject
Global
	GlobalSection(SolutionConfigurationPlatforms) = preSolution
		Debug|Any CPU = Debug|Any CPU
		Release|Any CPU = Release|Any CPU
	EndGlobalSection
	GlobalSection(ProjectConfigurationPlatforms) = postSolution
		{129D8E32-70F2-4AD1-93F1-8E7B91E3A5F7}.Debug|Any CPU.ActiveCfg = Debug|Any CPU
		{129D8E32-70F2-4AD1-93F1-8E7B91E3A5F7}.Debug|Any CPU.Build.0 = Debug|Any CPU
		{129D8E32-70F2-4AD1-93F1-8E7B91E3A5F7}.Release|Any CPU.ActiveCfg = Release|Any CPU
		{129D8E32-70F2-4AD1-93F1-8E7B91E3A5F7}.Release|Any CPU.Build.0 = Release|Any CPU
		{DBFB1077-B1BF-4A8F-BB30-684BF71D130E}.Debug|Any CPU.ActiveCfg = Debug|Any CPU
		{DBFB1077-B1BF-4A8F-BB30-684BF71D130E}.Debug|Any CPU.Build.0 = Debug|Any CPU
		{DBFB1077-B1BF-4A8F-BB30-684BF71D130E}.Release|Any CPU.ActiveCfg = Release|Any CPU
		{DBFB1077-B1BF-4A8F-BB30-684BF71D130E}.Release|Any CPU.Build.0 = Release|Any CPU
	EndGlobalSection
	GlobalSection(SolutionProperties) = preSolution
		HideSolutionNode = FALSE
	EndGlobalSection
	GlobalSection(ExtensibilityGlobals) = postSolution
		SolutionGuid = {54182387-5B1E-4E48-9CFB-903B21C836FB}
	EndGlobalSection
EndGlobal
